
Microsoft Visual Studio Solution File, Format Version 12.00
# Visual Studio Version 16
VisualStudioVersion = 16.0.32413.511
MinimumVisualStudioVersion = 10.0.40219.1
Project("{FAE04EC0-301F-11D3-BF4B-00C04F79EFBC}") = "API", "API\API.csproj", "{CCA721C6-10F1-4905-8EBF-BAA4230832DF}"
EndProject
Project("{FAE04EC0-301F-11D3-BF4B-00C04F79EFBC}") = "Web", "Web\Web.csproj", "{298D09EC-BAB3-48C3-B772-EC5CB2A652F9}"
EndProject
Global
	GlobalSection(SolutionConfigurationPlatforms) = preSolution
		Debug|Any CPU = Debug|Any CPU
		Release|Any CPU = Release|Any CPU
	EndGlobalSection
	GlobalSection(ProjectConfigurationPlatforms) = postSolution
		{CCA721C6-10F1-4905-8EBF-BAA4230832DF}.Debug|Any CPU.ActiveCfg = Debug|Any CPU
		{CCA721C6-10F1-4905-8EBF-BAA4230832DF}.Debug|Any CPU.Build.0 = Debug|Any CPU
		{CCA721C6-10F1-4905-8EBF-BAA4230832DF}.Release|Any CPU.ActiveCfg = Release|Any CPU
		{CCA721C6-10F1-4905-8EBF-BAA4230832DF}.Release|Any CPU.Build.0 = Release|Any CPU
		{298D09EC-BAB3-48C3-B772-EC5CB2A652F9}.Debug|Any CPU.ActiveCfg = Debug|Any CPU
		{298D09EC-BAB3-48C3-B772-EC5CB2A652F9}.Debug|Any CPU.Build.0 = Debug|Any CPU
		{298D09EC-BAB3-48C3-B772-EC5CB2A652F9}.Release|Any CPU.ActiveCfg = Release|Any CPU
		{298D09EC-BAB3-48C3-B772-EC5CB2A652F9}.Release|Any CPU.Build.0 = Release|Any CPU
	EndGlobalSection
	GlobalSection(SolutionProperties) = preSolution
		HideSolutionNode = FALSE
	EndGlobalSection
	GlobalSection(ExtensibilityGlobals) = postSolution
		SolutionGuid = {DEABACB4-50FA-4D26-AFC1-1A6075121436}
	EndGlobalSection
EndGlobal
